
Microsoft Visual Studio Solution File, Format Version 12.00
# Visual Studio 2013
VisualStudioVersion = 12.0.21005.1
MinimumVisualStudioVersion = 10.0.40219.1
Project("{FAE04EC0-301F-11D3-BF4B-00C04F79EFBC}") = "Comunica", "Comunica\Comunica.csproj", "{C45E6293-DC44-474D-80E8-E8F6A55C32F9}"
EndProject
Project("{FAE04EC0-301F-11D3-BF4B-00C04F79EFBC}") = "Comunica.Tests", "Comunica.Tests\Comunica.Tests.csproj", "{787D4E3B-DBE2-492E-8C4B-C6E280DA6B90}"
EndProject
Global
	GlobalSection(SolutionConfigurationPlatforms) = preSolution
		Debug|Any CPU = Debug|Any CPU
		Release|Any CPU = Release|Any CPU
	EndGlobalSection
	GlobalSection(ProjectConfigurationPlatforms) = postSolution
		{C45E6293-DC44-474D-80E8-E8F6A55C32F9}.Debug|Any CPU.ActiveCfg = Debug|Any CPU
		{C45E6293-DC44-474D-80E8-E8F6A55C32F9}.Debug|Any CPU.Build.0 = Debug|Any CPU
		{C45E6293-DC44-474D-80E8-E8F6A55C32F9}.Release|Any CPU.ActiveCfg = Release|Any CPU
		{C45E6293-DC44-474D-80E8-E8F6A55C32F9}.Release|Any CPU.Build.0 = Release|Any CPU
		{787D4E3B-DBE2-492E-8C4B-C6E280DA6B90}.Debug|Any CPU.ActiveCfg = Debug|Any CPU
		{787D4E3B-DBE2-492E-8C4B-C6E280DA6B90}.Debug|Any CPU.Build.0 = Debug|Any CPU
		{787D4E3B-DBE2-492E-8C4B-C6E280DA6B90}.Release|Any CPU.ActiveCfg = Release|Any CPU
		{787D4E3B-DBE2-492E-8C4B-C6E280DA6B90}.Release|Any CPU.Build.0 = Release|Any CPU
	EndGlobalSection
	GlobalSection(SolutionProperties) = preSolution
		HideSolutionNode = FALSE
	EndGlobalSection
EndGlobal
